<?xml version="1.0" encoding="UTF-8"?>
<CodeBlocks_project_file>
	<FileVersion major="1" minor="6"/>
	<Project>
		<Option title="simX"/>
		<Option makefile_is_custom="1"/>
		<Option compiler="gcc"/>
		<Option virtualFolders="CMake Files\;CMake Files\cmake\;CMake Files\.git\;CMake Files\.git\refs\;CMake Files\.git\refs\heads\;CMake Files\source\;CMake Files\external\;CMake Files\external\coulomb\;"/>
		<Build>
			<Target title="all">
				<Option working_dir="/home/kuhlwein/simX_fork"/>
				<Option type="4"/>
				<MakeCommands>
					<Build command="/usr/bin/make -f &quot;/home/kuhlwein/simX_fork/Makefile&quot;  VERBOSE=1 all"/>
					<CompileFile command="/usr/bin/make -f &quot;/home/kuhlwein/simX_fork/Makefile&quot;  VERBOSE=1 &quot;$file&quot;"/>
					<Clean command="/usr/bin/make -f &quot;/home/kuhlwein/simX_fork/Makefile&quot;  VERBOSE=1 clean"/>
					<DistClean command="/usr/bin/make -f &quot;/home/kuhlwein/simX_fork/Makefile&quot;  VERBOSE=1 clean"/>
				</MakeCommands>
			</Target>
			<Target title="install/strip">
				<Option working_dir="/home/kuhlwein/simX_fork"/>
				<Option type="4"/>
				<MakeCommands>
					<Build command="/usr/bin/make -f &quot;/home/kuhlwein/simX_fork/Makefile&quot;  VERBOSE=1 install/strip"/>
					<CompileFile command="/usr/bin/make -f &quot;/home/kuhlwein/simX_fork/Makefile&quot;  VERBOSE=1 &quot;$file&quot;"/>
					<Clean command="/usr/bin/make -f &quot;/home/kuhlwein/simX_fork/Makefile&quot;  VERBOSE=1 clean"/>
					<DistClean command="/usr/bin/make -f &quot;/home/kuhlwein/simX_fork/Makefile&quot;  VERBOSE=1 clean"/>
				</MakeCommands>
			</Target>
			<Target title="install/local">
				<Option working_dir="/home/kuhlwein/simX_fork"/>
				<Option type="4"/>
				<MakeCommands>
					<Build command="/usr/bin/make -f &quot;/home/kuhlwein/simX_fork/Makefile&quot;  VERBOSE=1 install/local"/>
					<CompileFile command="/usr/bin/make -f &quot;/home/kuhlwein/simX_fork/Makefile&quot;  VERBOSE=1 &quot;$file&quot;"/>
					<Clean command="/usr/bin/make -f &quot;/home/kuhlwein/simX_fork/Makefile&quot;  VERBOSE=1 clean"/>
					<DistClean command="/usr/bin/make -f &quot;/home/kuhlwein/simX_fork/Makefile&quot;  VERBOSE=1 clean"/>
				</MakeCommands>
			</Target>
			<Target title="install">
				<Option working_dir="/home/kuhlwein/simX_fork"/>
				<Option type="4"/>
				<MakeCommands>
					<Build command="/usr/bin/make -f &quot;/home/kuhlwein/simX_fork/Makefile&quot;  VERBOSE=1 install"/>
					<CompileFile command="/usr/bin/make -f &quot;/home/kuhlwein/simX_fork/Makefile&quot;  VERBOSE=1 &quot;$file&quot;"/>
					<Clean command="/usr/bin/make -f &quot;/home/kuhlwein/simX_fork/Makefile&quot;  VERBOSE=1 clean"/>
					<DistClean command="/usr/bin/make -f &quot;/home/kuhlwein/simX_fork/Makefile&quot;  VERBOSE=1 clean"/>
				</MakeCommands>
			</Target>
			<Target title="list_install_components">
				<Option working_dir="/home/kuhlwein/simX_fork"/>
				<Option type="4"/>
				<MakeCommands>
					<Build command="/usr/bin/make -f &quot;/home/kuhlwein/simX_fork/Makefile&quot;  VERBOSE=1 list_install_components"/>
					<CompileFile command="/usr/bin/make -f &quot;/home/kuhlwein/simX_fork/Makefile&quot;  VERBOSE=1 &quot;$file&quot;"/>
					<Clean command="/usr/bin/make -f &quot;/home/kuhlwein/simX_fork/Makefile&quot;  VERBOSE=1 clean"/>
					<DistClean command="/usr/bin/make -f &quot;/home/kuhlwein/simX_fork/Makefile&quot;  VERBOSE=1 clean"/>
				</MakeCommands>
			</Target>
			<Target title="rebuild_cache">
				<Option working_dir="/home/kuhlwein/simX_fork"/>
				<Option type="4"/>
				<MakeCommands>
					<Build command="/usr/bin/make -f &quot;/home/kuhlwein/simX_fork/Makefile&quot;  VERBOSE=1 rebuild_cache"/>
					<CompileFile command="/usr/bin/make -f &quot;/home/kuhlwein/simX_fork/Makefile&quot;  VERBOSE=1 &quot;$file&quot;"/>
					<Clean command="/usr/bin/make -f &quot;/home/kuhlwein/simX_fork/Makefile&quot;  VERBOSE=1 clean"/>
					<DistClean command="/usr/bin/make -f &quot;/home/kuhlwein/simX_fork/Makefile&quot;  VERBOSE=1 clean"/>
				</MakeCommands>
			</Target>
			<Target title="edit_cache">
				<Option working_dir="/home/kuhlwein/simX_fork"/>
				<Option type="4"/>
				<MakeCommands>
					<Build command="/usr/bin/make -f &quot;/home/kuhlwein/simX_fork/Makefile&quot;  VERBOSE=1 edit_cache"/>
					<CompileFile command="/usr/bin/make -f &quot;/home/kuhlwein/simX_fork/Makefile&quot;  VERBOSE=1 &quot;$file&quot;"/>
					<Clean command="/usr/bin/make -f &quot;/home/kuhlwein/simX_fork/Makefile&quot;  VERBOSE=1 clean"/>
					<DistClean command="/usr/bin/make -f &quot;/home/kuhlwein/simX_fork/Makefile&quot;  VERBOSE=1 clean"/>
				</MakeCommands>
			</Target>
			<Target title="doc">
				<Option working_dir="/home/kuhlwein/simX_fork"/>
				<Option type="4"/>
				<MakeCommands>
					<Build command="/usr/bin/make -f &quot;/home/kuhlwein/simX_fork/Makefile&quot;  VERBOSE=1 doc"/>
					<CompileFile command="/usr/bin/make -f &quot;/home/kuhlwein/simX_fork/Makefile&quot;  VERBOSE=1 &quot;$file&quot;"/>
					<Clean command="/usr/bin/make -f &quot;/home/kuhlwein/simX_fork/Makefile&quot;  VERBOSE=1 clean"/>
					<DistClean command="/usr/bin/make -f &quot;/home/kuhlwein/simX_fork/Makefile&quot;  VERBOSE=1 clean"/>
				</MakeCommands>
			</Target>
			<Target title="simX_runner">
				<Option output="/home/kuhlwein/simX_fork/simX" prefix_auto="0" extension_auto="0"/>
				<Option working_dir="/home/kuhlwein/simX_fork"/>
				<Option object_output="./"/>
				<Option type="1"/>
				<Option compiler="gcc"/>
				<Compiler>
					<Add option="-DHAVE_GSL"/>
					<Add option="-DAUSA_HAS_LIBCURL"/>
					<Add directory="/home/kuhlwein/simX_fork/include"/>
					<Add directory="/home/kuhlwein/simX_fork/external/coulomb"/>
					<Add directory="/home/kuhlwein/simX_fork/external/include"/>
					<Add directory="/home/kuhlwein/simX_fork/external/include/gte"/>
				</Compiler>
				<MakeCommands>
					<Build command="/usr/bin/make -f &quot;/home/kuhlwein/simX_fork/Makefile&quot;  VERBOSE=1 simX_runner"/>
					<CompileFile command="/usr/bin/make -f &quot;/home/kuhlwein/simX_fork/Makefile&quot;  VERBOSE=1 &quot;$file&quot;"/>
					<Clean command="/usr/bin/make -f &quot;/home/kuhlwein/simX_fork/Makefile&quot;  VERBOSE=1 clean"/>
					<DistClean command="/usr/bin/make -f &quot;/home/kuhlwein/simX_fork/Makefile&quot;  VERBOSE=1 clean"/>
				</MakeCommands>
			</Target>
			<Target title="simX_runner/fast">
				<Option output="/home/kuhlwein/simX_fork/simX" prefix_auto="0" extension_auto="0"/>
				<Option working_dir="/home/kuhlwein/simX_fork"/>
				<Option object_output="./"/>
				<Option type="1"/>
				<Option compiler="gcc"/>
				<Compiler>
					<Add option="-DHAVE_GSL"/>
					<Add option="-DAUSA_HAS_LIBCURL"/>
					<Add directory="/home/kuhlwein/simX_fork/include"/>
					<Add directory="/home/kuhlwein/simX_fork/external/coulomb"/>
					<Add directory="/home/kuhlwein/simX_fork/external/include"/>
					<Add directory="/home/kuhlwein/simX_fork/external/include/gte"/>
				</Compiler>
				<MakeCommands>
					<Build command="/usr/bin/make -f &quot;/home/kuhlwein/simX_fork/Makefile&quot;  VERBOSE=1 simX_runner/fast"/>
					<CompileFile command="/usr/bin/make -f &quot;/home/kuhlwein/simX_fork/Makefile&quot;  VERBOSE=1 &quot;$file&quot;"/>
					<Clean command="/usr/bin/make -f &quot;/home/kuhlwein/simX_fork/Makefile&quot;  VERBOSE=1 clean"/>
					<DistClean command="/usr/bin/make -f &quot;/home/kuhlwein/simX_fork/Makefile&quot;  VERBOSE=1 clean"/>
				</MakeCommands>
			</Target>
			<Target title="simX">
				<Option output="/home/kuhlwein/simX_fork/libsimX.a" prefix_auto="0" extension_auto="0"/>
				<Option working_dir="/home/kuhlwein/simX_fork"/>
				<Option object_output="./"/>
				<Option type="2"/>
				<Option compiler="gcc"/>
				<Compiler>
					<Add option="-DHAVE_GSL"/>
					<Add option="-DAUSA_HAS_LIBCURL"/>
					<Add directory="/home/kuhlwein/simX_fork/include"/>
					<Add directory="/home/kuhlwein/simX_fork/external/coulomb"/>
					<Add directory="/home/kuhlwein/simX_fork/external/include"/>
					<Add directory="/home/kuhlwein/simX_fork/external/include/gte"/>
				</Compiler>
				<MakeCommands>
					<Build command="/usr/bin/make -f &quot;/home/kuhlwein/simX_fork/Makefile&quot;  VERBOSE=1 simX"/>
					<CompileFile command="/usr/bin/make -f &quot;/home/kuhlwein/simX_fork/Makefile&quot;  VERBOSE=1 &quot;$file&quot;"/>
					<Clean command="/usr/bin/make -f &quot;/home/kuhlwein/simX_fork/Makefile&quot;  VERBOSE=1 clean"/>
					<DistClean command="/usr/bin/make -f &quot;/home/kuhlwein/simX_fork/Makefile&quot;  VERBOSE=1 clean"/>
				</MakeCommands>
			</Target>
			<Target title="simX/fast">
				<Option output="/home/kuhlwein/simX_fork/libsimX.a" prefix_auto="0" extension_auto="0"/>
				<Option working_dir="/home/kuhlwein/simX_fork"/>
				<Option object_output="./"/>
				<Option type="2"/>
				<Option compiler="gcc"/>
				<Compiler>
					<Add option="-DHAVE_GSL"/>
					<Add option="-DAUSA_HAS_LIBCURL"/>
					<Add directory="/home/kuhlwein/simX_fork/include"/>
					<Add directory="/home/kuhlwein/simX_fork/external/coulomb"/>
					<Add directory="/home/kuhlwein/simX_fork/external/include"/>
					<Add directory="/home/kuhlwein/simX_fork/external/include/gte"/>
				</Compiler>
				<MakeCommands>
					<Build command="/usr/bin/make -f &quot;/home/kuhlwein/simX_fork/Makefile&quot;  VERBOSE=1 simX/fast"/>
					<CompileFile command="/usr/bin/make -f &quot;/home/kuhlwein/simX_fork/Makefile&quot;  VERBOSE=1 &quot;$file&quot;"/>
					<Clean command="/usr/bin/make -f &quot;/home/kuhlwein/simX_fork/Makefile&quot;  VERBOSE=1 clean"/>
					<DistClean command="/usr/bin/make -f &quot;/home/kuhlwein/simX_fork/Makefile&quot;  VERBOSE=1 clean"/>
				</MakeCommands>
			</Target>
			<Target title="simX_parser">
				<Option output="/home/kuhlwein/simX_fork/CMakeFiles/simX_parser.dir/simX_parser.objlib" prefix_auto="0" extension_auto="0"/>
				<Option working_dir="/home/kuhlwein/simX_fork"/>
				<Option object_output="./"/>
				<Option type="2"/>
				<Option compiler="gcc"/>
				<Compiler>
					<Add option="-DHAVE_GSL"/>
					<Add option="-DAUSA_HAS_LIBCURL"/>
					<Add directory="/home/kuhlwein/simX_fork/include"/>
					<Add directory="/home/kuhlwein/simX_fork/external/coulomb"/>
					<Add directory="/home/kuhlwein/simX_fork/external/include"/>
					<Add directory="/home/kuhlwein/simX_fork/external/include/gte"/>
				</Compiler>
				<MakeCommands>
					<Build command="/usr/bin/make -f &quot;/home/kuhlwein/simX_fork/Makefile&quot;  VERBOSE=1 simX_parser"/>
					<CompileFile command="/usr/bin/make -f &quot;/home/kuhlwein/simX_fork/Makefile&quot;  VERBOSE=1 &quot;$file&quot;"/>
					<Clean command="/usr/bin/make -f &quot;/home/kuhlwein/simX_fork/Makefile&quot;  VERBOSE=1 clean"/>
					<DistClean command="/usr/bin/make -f &quot;/home/kuhlwein/simX_fork/Makefile&quot;  VERBOSE=1 clean"/>
				</MakeCommands>
			</Target>
			<Target title="simX_parser/fast">
				<Option output="/home/kuhlwein/simX_fork/CMakeFiles/simX_parser.dir/simX_parser.objlib" prefix_auto="0" extension_auto="0"/>
				<Option working_dir="/home/kuhlwein/simX_fork"/>
				<Option object_output="./"/>
				<Option type="2"/>
				<Option compiler="gcc"/>
				<Compiler>
					<Add option="-DHAVE_GSL"/>
					<Add option="-DAUSA_HAS_LIBCURL"/>
					<Add directory="/home/kuhlwein/simX_fork/include"/>
					<Add directory="/home/kuhlwein/simX_fork/external/coulomb"/>
					<Add directory="/home/kuhlwein/simX_fork/external/include"/>
					<Add directory="/home/kuhlwein/simX_fork/external/include/gte"/>
				</Compiler>
				<MakeCommands>
					<Build command="/usr/bin/make -f &quot;/home/kuhlwein/simX_fork/Makefile&quot;  VERBOSE=1 simX_parser/fast"/>
					<CompileFile command="/usr/bin/make -f &quot;/home/kuhlwein/simX_fork/Makefile&quot;  VERBOSE=1 &quot;$file&quot;"/>
					<Clean command="/usr/bin/make -f &quot;/home/kuhlwein/simX_fork/Makefile&quot;  VERBOSE=1 clean"/>
					<DistClean command="/usr/bin/make -f &quot;/home/kuhlwein/simX_fork/Makefile&quot;  VERBOSE=1 clean"/>
				</MakeCommands>
			</Target>
			<Target title="Coulomb">
				<Option output="/home/kuhlwein/simX_fork/external/coulomb/CMakeFiles/Coulomb.dir/Coulomb.objlib" prefix_auto="0" extension_auto="0"/>
				<Option working_dir="/home/kuhlwein/simX_fork/external/coulomb"/>
				<Option object_output="./"/>
				<Option type="2"/>
				<Option compiler="gcc"/>
				<Compiler>
					<Add directory="/home/kuhlwein/simX_fork/include"/>
					<Add directory="/home/kuhlwein/simX_fork/external/coulomb"/>
					<Add directory="/home/kuhlwein/simX_fork/external/include"/>
					<Add directory="/home/kuhlwein/simX_fork/external/include/gte"/>
				</Compiler>
				<MakeCommands>
					<Build command="/usr/bin/make -f &quot;/home/kuhlwein/simX_fork/external/coulomb/Makefile&quot;  VERBOSE=1 Coulomb"/>
					<CompileFile command="/usr/bin/make -f &quot;/home/kuhlwein/simX_fork/external/coulomb/Makefile&quot;  VERBOSE=1 &quot;$file&quot;"/>
					<Clean command="/usr/bin/make -f &quot;/home/kuhlwein/simX_fork/external/coulomb/Makefile&quot;  VERBOSE=1 clean"/>
					<DistClean command="/usr/bin/make -f &quot;/home/kuhlwein/simX_fork/external/coulomb/Makefile&quot;  VERBOSE=1 clean"/>
				</MakeCommands>
			</Target>
			<Target title="Coulomb/fast">
				<Option output="/home/kuhlwein/simX_fork/external/coulomb/CMakeFiles/Coulomb.dir/Coulomb.objlib" prefix_auto="0" extension_auto="0"/>
				<Option working_dir="/home/kuhlwein/simX_fork/external/coulomb"/>
				<Option object_output="./"/>
				<Option type="2"/>
				<Option compiler="gcc"/>
				<Compiler>
					<Add directory="/home/kuhlwein/simX_fork/include"/>
					<Add directory="/home/kuhlwein/simX_fork/external/coulomb"/>
					<Add directory="/home/kuhlwein/simX_fork/external/include"/>
					<Add directory="/home/kuhlwein/simX_fork/external/include/gte"/>
				</Compiler>
				<MakeCommands>
					<Build command="/usr/bin/make -f &quot;/home/kuhlwein/simX_fork/external/coulomb/Makefile&quot;  VERBOSE=1 Coulomb/fast"/>
					<CompileFile command="/usr/bin/make -f &quot;/home/kuhlwein/simX_fork/external/coulomb/Makefile&quot;  VERBOSE=1 &quot;$file&quot;"/>
					<Clean command="/usr/bin/make -f &quot;/home/kuhlwein/simX_fork/external/coulomb/Makefile&quot;  VERBOSE=1 clean"/>
					<DistClean command="/usr/bin/make -f &quot;/home/kuhlwein/simX_fork/external/coulomb/Makefile&quot;  VERBOSE=1 clean"/>
				</MakeCommands>
			</Target>
		</Build>
		<Unit filename="/home/kuhlwein/simX_fork/CMakeFiles/simX_parser.dir/source/parser/AdcThresholdParser.cpp.o">
			<Option target="simX"/>
		</Unit>
		<Unit filename="/home/kuhlwein/simX_fork/CMakeFiles/simX_parser.dir/source/parser/BeamParser.cpp.o">
			<Option target="simX"/>
		</Unit>
		<Unit filename="/home/kuhlwein/simX_fork/CMakeFiles/simX_parser.dir/source/parser/ConfigParser.cpp.o">
			<Option target="simX"/>
		</Unit>
		<Unit filename="/home/kuhlwein/simX_fork/CMakeFiles/simX_parser.dir/source/parser/DAQTriggerParser.cpp.o">
			<Option target="simX"/>
		</Unit>
		<Unit filename="/home/kuhlwein/simX_fork/CMakeFiles/simX_parser.dir/source/parser/DetectionSystemParser.cpp.o">
			<Option target="simX"/>
		</Unit>
		<Unit filename="/home/kuhlwein/simX_fork/CMakeFiles/simX_parser.dir/source/parser/ElossFactory.cpp.o">
			<Option target="simX"/>
		</Unit>
		<Unit filename="/home/kuhlwein/simX_fork/CMakeFiles/simX_parser.dir/source/parser/IonParser.cpp.o">
			<Option target="simX"/>
		</Unit>
		<Unit filename="/home/kuhlwein/simX_fork/CMakeFiles/simX_parser.dir/source/parser/JsonOutputParser.cpp.o">
			<Option target="simX"/>
		</Unit>
		<Unit filename="/home/kuhlwein/simX_fork/CMakeFiles/simX_parser.dir/source/parser/ReactionParser.cpp.o">
			<Option target="simX"/>
		</Unit>
		<Unit filename="/home/kuhlwein/simX_fork/CMakeFiles/simX_parser.dir/source/parser/TdcThresholdParser.cpp.o">
			<Option target="simX"/>
		</Unit>
		<Unit filename="/home/kuhlwein/simX_fork/CMakeFiles/simX_parser.dir/source/parser/grammar/AdcThreshodsGrammar.cpp.o">
			<Option target="simX"/>
		</Unit>
		<Unit filename="/home/kuhlwein/simX_fork/CMakeFiles/simX_parser.dir/source/parser/grammar/BeamGrammar.cpp.o">
			<Option target="simX"/>
		</Unit>
		<Unit filename="/home/kuhlwein/simX_fork/CMakeFiles/simX_parser.dir/source/parser/grammar/DegreeGrammar.cpp.o">
			<Option target="simX"/>
		</Unit>
		<Unit filename="/home/kuhlwein/simX_fork/CMakeFiles/simX_parser.dir/source/parser/grammar/EnergyGrammar.cpp.o">
			<Option target="simX"/>
		</Unit>
		<Unit filename="/home/kuhlwein/simX_fork/CMakeFiles/simX_parser.dir/source/parser/grammar/IonGrammar.cpp.o">
			<Option target="simX"/>
		</Unit>
		<Unit filename="/home/kuhlwein/simX_fork/CMakeFiles/simX_parser.dir/source/parser/grammar/KeyValueGrammar.cpp.o">
			<Option target="simX"/>
		</Unit>
		<Unit filename="/home/kuhlwein/simX_fork/CMakeFiles/simX_parser.dir/source/parser/grammar/LengthGrammar.cpp.o">
			<Option target="simX"/>
		</Unit>
		<Unit filename="/home/kuhlwein/simX_fork/CMakeFiles/simX_parser.dir/source/parser/grammar/ParticleGrammar.cpp.o">
			<Option target="simX"/>
		</Unit>
		<Unit filename="/home/kuhlwein/simX_fork/CMakeFiles/simX_parser.dir/source/parser/grammar/ReactionGrammar.cpp.o">
			<Option target="simX"/>
		</Unit>
		<Unit filename="/home/kuhlwein/simX_fork/CMakeFiles/simX_parser.dir/source/parser/grammar/SiPrefix.cpp.o">
			<Option target="simX"/>
		</Unit>
		<Unit filename="/home/kuhlwein/simX_fork/CMakeFiles/simX_parser.dir/source/parser/grammar/WidthGrammar.cpp.o">
			<Option target="simX"/>
		</Unit>
		<Unit filename="/home/kuhlwein/simX_fork/external/coulomb/CMakeFiles/Coulomb.dir/CoulombFunctions.cpp.o">
			<Option target="simX"/>
		</Unit>
		<Unit filename="/home/kuhlwein/simX_fork/external/coulomb/CMakeFiles/Coulomb.dir/ODE_integration.cpp.o">
			<Option target="simX"/>
		</Unit>
		<Unit filename="/home/kuhlwein/simX_fork/external/coulomb/CMakeFiles/Coulomb.dir/complex_functions.cpp.o">
			<Option target="simX"/>
		</Unit>
		<Unit filename="/home/kuhlwein/simX_fork/external/coulomb/CMakeFiles/Coulomb.dir/cwfcomp.cpp.o">
			<Option target="simX"/>
		</Unit>
		<Unit filename="/home/kuhlwein/simX_fork/external/coulomb/CoulombFunctions.cpp">
			<Option target="Coulomb"/>
		</Unit>
		<Unit filename="/home/kuhlwein/simX_fork/external/coulomb/CoulombFunctions.h">
			<Option target="Coulomb"/>
		</Unit>
		<Unit filename="/home/kuhlwein/simX_fork/external/coulomb/ODE_integration.cpp">
			<Option target="Coulomb"/>
		</Unit>
		<Unit filename="/home/kuhlwein/simX_fork/external/coulomb/ODE_integration.h">
			<Option target="Coulomb"/>
		</Unit>
		<Unit filename="/home/kuhlwein/simX_fork/external/coulomb/complex_functions.cpp">
			<Option target="Coulomb"/>
		</Unit>
		<Unit filename="/home/kuhlwein/simX_fork/external/coulomb/complex_functions.h">
			<Option target="Coulomb"/>
		</Unit>
		<Unit filename="/home/kuhlwein/simX_fork/external/coulomb/cwfcomp.cpp">
			<Option target="Coulomb"/>
		</Unit>
		<Unit filename="/home/kuhlwein/simX_fork/external/coulomb/cwfcomp.h">
			<Option target="Coulomb"/>
		</Unit>
		<Unit filename="/home/kuhlwein/simX_fork/git.cpp">
			<Option target="simX"/>
		</Unit>
		<Unit filename="/home/kuhlwein/simX_fork/include/simX/Beam.h">
			<Option target="simX"/>
		</Unit>
		<Unit filename="/home/kuhlwein/simX_fork/include/simX/CompoundFormation.h">
			<Option target="simX"/>
		</Unit>
		<Unit filename="/home/kuhlwein/simX_fork/include/simX/Config.h">
			<Option target="simX"/>
		</Unit>
		<Unit filename="/home/kuhlwein/simX_fork/include/simX/Context.h">
			<Option target="simX"/>
		</Unit>
		<Unit filename="/home/kuhlwein/simX_fork/include/simX/Detection/DetectionSimulator.h">
			<Option target="simX"/>
		</Unit>
		<Unit filename="/home/kuhlwein/simX_fork/include/simX/Detection/DetectionSystem.h">
			<Option target="simX"/>
		</Unit>
		<Unit filename="/home/kuhlwein/simX_fork/include/simX/Detection/Detector.h">
			<Option target="simX"/>
		</Unit>
		<Unit filename="/home/kuhlwein/simX_fork/include/simX/Detection/S3.h">
			<Option target="simX"/>
		</Unit>
		<Unit filename="/home/kuhlwein/simX_fork/include/simX/Detection/Scaler.h">
			<Option target="simX"/>
		</Unit>
		<Unit filename="/home/kuhlwein/simX_fork/include/simX/Detection/SegmentedDetector.h">
			<Option target="simX"/>
		</Unit>
		<Unit filename="/home/kuhlwein/simX_fork/include/simX/Detection/SiPad.h">
			<Option target="simX"/>
		</Unit>
		<Unit filename="/home/kuhlwein/simX_fork/include/simX/Detection/VolumeFactory.h">
			<Option target="simX"/>
		</Unit>
		<Unit filename="/home/kuhlwein/simX_fork/include/simX/Detection/W1.h">
			<Option target="simX"/>
		</Unit>
		<Unit filename="/home/kuhlwein/simX_fork/include/simX/Detection/YY1.h">
			<Option target="simX"/>
		</Unit>
		<Unit filename="/home/kuhlwein/simX_fork/include/simX/EventSimulator.h">
			<Option target="simX"/>
		</Unit>
		<Unit filename="/home/kuhlwein/simX_fork/include/simX/ExcitationSampler.h">
			<Option target="simX"/>
		</Unit>
		<Unit filename="/home/kuhlwein/simX_fork/include/simX/Layer.h">
			<Option target="simX"/>
		</Unit>
		<Unit filename="/home/kuhlwein/simX_fork/include/simX/Logger.h">
			<Option target="simX"/>
		</Unit>
		<Unit filename="/home/kuhlwein/simX_fork/include/simX/NBodyDecay.h">
			<Option target="simX"/>
		</Unit>
		<Unit filename="/home/kuhlwein/simX_fork/include/simX/NuclearProcess.h">
			<Option target="simX"/>
		</Unit>
		<Unit filename="/home/kuhlwein/simX_fork/include/simX/Particle.h">
			<Option target="simX"/>
		</Unit>
		<Unit filename="/home/kuhlwein/simX_fork/include/simX/PhysicsContainer.h">
			<Option target="simX"/>
		</Unit>
		<Unit filename="/home/kuhlwein/simX_fork/include/simX/PhysicsEvent.h">
			<Option target="simX"/>
		</Unit>
		<Unit filename="/home/kuhlwein/simX_fork/include/simX/ProcessChain.h">
			<Option target="simX"/>
		</Unit>
		<Unit filename="/home/kuhlwein/simX_fork/include/simX/Random.h">
			<Option target="simX"/>
		</Unit>
		<Unit filename="/home/kuhlwein/simX_fork/include/simX/SimulationRunner.h">
			<Option target="simX"/>
		</Unit>
		<Unit filename="/home/kuhlwein/simX_fork/include/simX/Target.h">
			<Option target="simX"/>
		</Unit>
		<Unit filename="/home/kuhlwein/simX_fork/include/simX/TwoBodyDecay.h">
			<Option target="simX"/>
		</Unit>
		<Unit filename="/home/kuhlwein/simX_fork/include/simX/Volume.h">
			<Option target="simX"/>
		</Unit>
		<Unit filename="/home/kuhlwein/simX_fork/include/simX/angular/AngularCorrelation.h">
			<Option target="simX"/>
		</Unit>
		<Unit filename="/home/kuhlwein/simX_fork/include/simX/angular/AngularCorrelationTF1.h">
			<Option target="simX"/>
		</Unit>
		<Unit filename="/home/kuhlwein/simX_fork/include/simX/angular/FixedAngularCorrelation.h">
			<Option target="simX"/>
		</Unit>
		<Unit filename="/home/kuhlwein/simX_fork/include/simX/angular/GraphDistribution.h">
			<Option target="simX"/>
		</Unit>
		<Unit filename="/home/kuhlwein/simX_fork/include/simX/angular/IsotropicAngularCorrelation.h">
			<Option target="simX"/>
		</Unit>
		<Unit filename="/home/kuhlwein/simX_fork/include/simX/angular/RutherfordDistribution.h">
			<Option target="simX"/>
		</Unit>
		<Unit filename="/home/kuhlwein/simX_fork/include/simX/daq/AdcThresholds.h">
			<Option target="simX"/>
		</Unit>
		<Unit filename="/home/kuhlwein/simX_fork/include/simX/daq/DAQ.h">
			<Option target="simX"/>
		</Unit>
		<Unit filename="/home/kuhlwein/simX_fork/include/simX/daq/DaqTreeWriter.h">
			<Option target="simX"/>
		</Unit>
		<Unit filename="/home/kuhlwein/simX_fork/include/simX/daq/SimpleDAQ.h">
			<Option target="simX"/>
		</Unit>
		<Unit filename="/home/kuhlwein/simX_fork/include/simX/daq/TdcThresholds.h">
			<Option target="simX"/>
		</Unit>
		<Unit filename="/home/kuhlwein/simX_fork/include/simX/generator/FinalStateGenerator.h">
			<Option target="simX"/>
		</Unit>
		<Unit filename="/home/kuhlwein/simX_fork/include/simX/generator/NBodyPhaseSpace.h">
			<Option target="simX"/>
		</Unit>
		<Unit filename="/home/kuhlwein/simX_fork/include/simX/generator/PhaseSpaceSampler.h">
			<Option target="simX"/>
		</Unit>
		<Unit filename="/home/kuhlwein/simX_fork/include/simX/generator/SingleBodyKinematics.h">
			<Option target="simX"/>
		</Unit>
		<Unit filename="/home/kuhlwein/simX_fork/include/simX/generator/TwoBodyKinematics.h">
			<Option target="simX"/>
		</Unit>
		<Unit filename="/home/kuhlwein/simX_fork/include/simX/git.h">
			<Option target="simX"/>
		</Unit>
		<Unit filename="/home/kuhlwein/simX_fork/include/simX/parser/AdcThresholdParser.h">
			<Option target="simX"/>
		</Unit>
		<Unit filename="/home/kuhlwein/simX_fork/include/simX/parser/BeamParser.h">
			<Option target="simX"/>
		</Unit>
		<Unit filename="/home/kuhlwein/simX_fork/include/simX/parser/ConfigParser.h">
			<Option target="simX"/>
		</Unit>
		<Unit filename="/home/kuhlwein/simX_fork/include/simX/parser/DAQTriggerParser.h">
			<Option target="simX"/>
		</Unit>
		<Unit filename="/home/kuhlwein/simX_fork/include/simX/parser/DetectionSystemParser.h">
			<Option target="simX"/>
		</Unit>
		<Unit filename="/home/kuhlwein/simX_fork/include/simX/parser/ElossFactory.h">
			<Option target="simX"/>
		</Unit>
		<Unit filename="/home/kuhlwein/simX_fork/include/simX/parser/IonParser.h">
			<Option target="simX"/>
		</Unit>
		<Unit filename="/home/kuhlwein/simX_fork/include/simX/parser/JsonOutputParser.h">
			<Option target="simX"/>
		</Unit>
		<Unit filename="/home/kuhlwein/simX_fork/include/simX/parser/ReactionParser.h">
			<Option target="simX"/>
		</Unit>
		<Unit filename="/home/kuhlwein/simX_fork/include/simX/parser/TdcThresholdParser.h">
			<Option target="simX"/>
		</Unit>
		<Unit filename="/home/kuhlwein/simX_fork/include/simX/parser/grammar/AdcThresholdsGrammar.h">
			<Option target="simX"/>
		</Unit>
		<Unit filename="/home/kuhlwein/simX_fork/include/simX/parser/grammar/BeamGrammar.h">
			<Option target="simX"/>
		</Unit>
		<Unit filename="/home/kuhlwein/simX_fork/include/simX/parser/grammar/DegreeGrammar.h">
			<Option target="simX"/>
		</Unit>
		<Unit filename="/home/kuhlwein/simX_fork/include/simX/parser/grammar/EnergyGrammar.h">
			<Option target="simX"/>
		</Unit>
		<Unit filename="/home/kuhlwein/simX_fork/include/simX/parser/grammar/IonGrammar.h">
			<Option target="simX"/>
		</Unit>
		<Unit filename="/home/kuhlwein/simX_fork/include/simX/parser/grammar/KeyValueGrammar.h">
			<Option target="simX"/>
		</Unit>
		<Unit filename="/home/kuhlwein/simX_fork/include/simX/parser/grammar/LengthGrammar.h">
			<Option target="simX"/>
		</Unit>
		<Unit filename="/home/kuhlwein/simX_fork/include/simX/parser/grammar/LogicGrammar.h">
			<Option target="simX"/>
		</Unit>
		<Unit filename="/home/kuhlwein/simX_fork/include/simX/parser/grammar/ParticleGrammar.h">
			<Option target="simX"/>
		</Unit>
		<Unit filename="/home/kuhlwein/simX_fork/include/simX/parser/grammar/ReactionGrammar.h">
			<Option target="simX"/>
		</Unit>
		<Unit filename="/home/kuhlwein/simX_fork/include/simX/parser/grammar/SiPrefix.h">
			<Option target="simX"/>
		</Unit>
		<Unit filename="/home/kuhlwein/simX_fork/include/simX/parser/grammar/WidthGrammar.h">
			<Option target="simX"/>
		</Unit>
		<Unit filename="/home/kuhlwein/simX_fork/include/simX/propagator/GaussianStragglingPropagator.h">
			<Option target="simX"/>
		</Unit>
		<Unit filename="/home/kuhlwein/simX_fork/include/simX/propagator/IonizingPropagator.h">
			<Option target="simX"/>
		</Unit>
		<Unit filename="/home/kuhlwein/simX_fork/include/simX/propagator/MCStragglingPropagator.h">
			<Option target="simX"/>
		</Unit>
		<Unit filename="/home/kuhlwein/simX_fork/include/simX/propagator/NoTrackPropagator.h">
			<Option target="simX"/>
		</Unit>
		<Unit filename="/home/kuhlwein/simX_fork/include/simX/propagator/NonIonizingPropagator.h">
			<Option target="simX"/>
		</Unit>
		<Unit filename="/home/kuhlwein/simX_fork/include/simX/propagator/ParticlePropagator.h">
			<Option target="simX"/>
		</Unit>
		<Unit filename="/home/kuhlwein/simX_fork/include/simX/propagator/ScatteringIntegral.h">
			<Option target="simX"/>
		</Unit>
		<Unit filename="/home/kuhlwein/simX_fork/include/simX/propagator/Util.h">
			<Option target="simX"/>
		</Unit>
		<Unit filename="/home/kuhlwein/simX_fork/include/simX/propagator/Vacuum.h">
			<Option target="simX"/>
		</Unit>
		<Unit filename="/home/kuhlwein/simX_fork/include/simX/samplers/JonasLibSampleSet.h">
			<Option target="simX"/>
		</Unit>
		<Unit filename="/home/kuhlwein/simX_fork/include/simX/samplers/MultiSampler.h">
			<Option target="simX"/>
		</Unit>
		<Unit filename="/home/kuhlwein/simX_fork/include/simX/samplers/RootSampleSet.h">
			<Option target="simX"/>
		</Unit>
		<Unit filename="/home/kuhlwein/simX_fork/include/simX/samplers/SampleSampler.h">
			<Option target="simX"/>
		</Unit>
		<Unit filename="/home/kuhlwein/simX_fork/include/simX/samplers/SampleSet.h">
			<Option target="simX"/>
		</Unit>
		<Unit filename="/home/kuhlwein/simX_fork/include/simX/samplers/TextSampleSet.h">
			<Option target="simX"/>
		</Unit>
		<Unit filename="/home/kuhlwein/simX_fork/include/simX/samplers/writer/MomentumSampleWrite.h">
			<Option target="simX"/>
		</Unit>
		<Unit filename="/home/kuhlwein/simX_fork/include/simX/samplers/writer/RootMomentumWriter.h">
			<Option target="simX"/>
		</Unit>
		<Unit filename="/home/kuhlwein/simX_fork/include/simX/samplers/writer/TextMomentumWriter.h">
			<Option target="simX"/>
		</Unit>
		<Unit filename="/home/kuhlwein/simX_fork/include/simX/weight/BreitWignerWithPenetrability.h">
			<Option target="simX"/>
		</Unit>
		<Unit filename="/home/kuhlwein/simX_fork/include/simX/weight/GammaPhaseSpace.h">
			<Option target="simX"/>
		</Unit>
		<Unit filename="/home/kuhlwein/simX_fork/include/simX/weight/ProductWeightCalculator.h">
			<Option target="simX"/>
		</Unit>
		<Unit filename="/home/kuhlwein/simX_fork/include/simX/weight/SimpleBreitWigner.h">
			<Option target="simX"/>
		</Unit>
		<Unit filename="/home/kuhlwein/simX_fork/include/simX/weight/TF1WeightCalculator.h">
			<Option target="simX"/>
		</Unit>
		<Unit filename="/home/kuhlwein/simX_fork/include/simX/weight/UniformWeightCalculator.h">
			<Option target="simX"/>
		</Unit>
		<Unit filename="/home/kuhlwein/simX_fork/include/simX/weight/WeightCalculator.h">
			<Option target="simX"/>
		</Unit>
		<Unit filename="/home/kuhlwein/simX_fork/include/tree.hh">
			<Option target="simX"/>
		</Unit>
		<Unit filename="/home/kuhlwein/simX_fork/runner/main.cpp">
			<Option target="simX_runner"/>
		</Unit>
		<Unit filename="/home/kuhlwein/simX_fork/source/Beam.cpp">
			<Option target="simX"/>
		</Unit>
		<Unit filename="/home/kuhlwein/simX_fork/source/CompoundFormation.cpp">
			<Option target="simX"/>
		</Unit>
		<Unit filename="/home/kuhlwein/simX_fork/source/Config.cpp">
			<Option target="simX"/>
		</Unit>
		<Unit filename="/home/kuhlwein/simX_fork/source/Detection/DetectionSimulator.cpp">
			<Option target="simX"/>
		</Unit>
		<Unit filename="/home/kuhlwein/simX_fork/source/Detection/DetectionSystem.cpp">
			<Option target="simX"/>
		</Unit>
		<Unit filename="/home/kuhlwein/simX_fork/source/Detection/Detector.cpp">
			<Option target="simX"/>
		</Unit>
		<Unit filename="/home/kuhlwein/simX_fork/source/Detection/S3.cpp">
			<Option target="simX"/>
		</Unit>
		<Unit filename="/home/kuhlwein/simX_fork/source/Detection/Scaler.cpp">
			<Option target="simX"/>
		</Unit>
		<Unit filename="/home/kuhlwein/simX_fork/source/Detection/SegmentedDetector.cpp">
			<Option target="simX"/>
		</Unit>
		<Unit filename="/home/kuhlwein/simX_fork/source/Detection/SiPad.cpp">
			<Option target="simX"/>
		</Unit>
		<Unit filename="/home/kuhlwein/simX_fork/source/Detection/VolumeFactory.cpp">
			<Option target="simX"/>
		</Unit>
		<Unit filename="/home/kuhlwein/simX_fork/source/Detection/W1.cpp">
			<Option target="simX"/>
		</Unit>
		<Unit filename="/home/kuhlwein/simX_fork/source/Detection/YY1.cpp">
			<Option target="simX"/>
		</Unit>
		<Unit filename="/home/kuhlwein/simX_fork/source/EventSimulator.cpp">
			<Option target="simX"/>
		</Unit>
		<Unit filename="/home/kuhlwein/simX_fork/source/ExcitationSampler.cpp">
			<Option target="simX"/>
		</Unit>
		<Unit filename="/home/kuhlwein/simX_fork/source/Logger.cpp">
			<Option target="simX"/>
		</Unit>
		<Unit filename="/home/kuhlwein/simX_fork/source/NBodyDecay.cpp">
			<Option target="simX"/>
		</Unit>
		<Unit filename="/home/kuhlwein/simX_fork/source/Particle.cpp">
			<Option target="simX"/>
		</Unit>
		<Unit filename="/home/kuhlwein/simX_fork/source/PhysicsContainer.cpp">
			<Option target="simX"/>
		</Unit>
		<Unit filename="/home/kuhlwein/simX_fork/source/PhysicsEvent.cpp">
			<Option target="simX"/>
		</Unit>
		<Unit filename="/home/kuhlwein/simX_fork/source/ProcessChain.cpp">
			<Option target="simX"/>
		</Unit>
		<Unit filename="/home/kuhlwein/simX_fork/source/Random.cpp">
			<Option target="simX"/>
		</Unit>
		<Unit filename="/home/kuhlwein/simX_fork/source/SimulationRunner.cpp">
			<Option target="simX"/>
		</Unit>
		<Unit filename="/home/kuhlwein/simX_fork/source/TwoBodyDecay.cpp">
			<Option target="simX"/>
		</Unit>
		<Unit filename="/home/kuhlwein/simX_fork/source/angular/AngularCorrelationTF1.cpp">
			<Option target="simX"/>
		</Unit>
		<Unit filename="/home/kuhlwein/simX_fork/source/angular/FixedAngularCorrelation.cpp">
			<Option target="simX"/>
		</Unit>
		<Unit filename="/home/kuhlwein/simX_fork/source/angular/GraphDistribution.cpp">
			<Option target="simX"/>
		</Unit>
		<Unit filename="/home/kuhlwein/simX_fork/source/angular/IsotropicAngularCorrelation.cpp">
			<Option target="simX"/>
		</Unit>
		<Unit filename="/home/kuhlwein/simX_fork/source/angular/RutherfordDistribution.cpp">
			<Option target="simX"/>
		</Unit>
		<Unit filename="/home/kuhlwein/simX_fork/source/daq/DaqTreeWriter.cpp">
			<Option target="simX"/>
		</Unit>
		<Unit filename="/home/kuhlwein/simX_fork/source/daq/SimpleDAQ.cpp">
			<Option target="simX"/>
		</Unit>
		<Unit filename="/home/kuhlwein/simX_fork/source/daq/TdcThresholds.cpp">
			<Option target="simX"/>
		</Unit>
		<Unit filename="/home/kuhlwein/simX_fork/source/generator/NBodyPhaseSpace.cpp">
			<Option target="simX"/>
		</Unit>
		<Unit filename="/home/kuhlwein/simX_fork/source/generator/PhaseSpaceSampler.cpp">
			<Option target="simX"/>
		</Unit>
		<Unit filename="/home/kuhlwein/simX_fork/source/generator/SingleBodyKinematics.cpp">
			<Option target="simX"/>
		</Unit>
		<Unit filename="/home/kuhlwein/simX_fork/source/generator/TwoBodyKinematics.cpp">
			<Option target="simX"/>
		</Unit>
		<Unit filename="/home/kuhlwein/simX_fork/source/parser/AdcThresholdParser.cpp">
			<Option target="simX_parser"/>
		</Unit>
		<Unit filename="/home/kuhlwein/simX_fork/source/parser/BeamParser.cpp">
			<Option target="simX_parser"/>
		</Unit>
		<Unit filename="/home/kuhlwein/simX_fork/source/parser/ConfigParser.cpp">
			<Option target="simX_parser"/>
		</Unit>
		<Unit filename="/home/kuhlwein/simX_fork/source/parser/DAQTriggerParser.cpp">
			<Option target="simX_parser"/>
		</Unit>
		<Unit filename="/home/kuhlwein/simX_fork/source/parser/DetectionSystemParser.cpp">
			<Option target="simX_parser"/>
		</Unit>
		<Unit filename="/home/kuhlwein/simX_fork/source/parser/ElossFactory.cpp">
			<Option target="simX_parser"/>
		</Unit>
		<Unit filename="/home/kuhlwein/simX_fork/source/parser/IonParser.cpp">
			<Option target="simX_parser"/>
		</Unit>
		<Unit filename="/home/kuhlwein/simX_fork/source/parser/JsonOutputParser.cpp">
			<Option target="simX_parser"/>
		</Unit>
		<Unit filename="/home/kuhlwein/simX_fork/source/parser/ReactionParser.cpp">
			<Option target="simX_parser"/>
		</Unit>
		<Unit filename="/home/kuhlwein/simX_fork/source/parser/TdcThresholdParser.cpp">
			<Option target="simX_parser"/>
		</Unit>
		<Unit filename="/home/kuhlwein/simX_fork/source/parser/grammar/AdcThreshodsGrammar.cpp">
			<Option target="simX_parser"/>
		</Unit>
		<Unit filename="/home/kuhlwein/simX_fork/source/parser/grammar/BeamGrammar.cpp">
			<Option target="simX_parser"/>
		</Unit>
		<Unit filename="/home/kuhlwein/simX_fork/source/parser/grammar/DegreeGrammar.cpp">
			<Option target="simX_parser"/>
		</Unit>
		<Unit filename="/home/kuhlwein/simX_fork/source/parser/grammar/EnergyGrammar.cpp">
			<Option target="simX_parser"/>
		</Unit>
		<Unit filename="/home/kuhlwein/simX_fork/source/parser/grammar/IonGrammar.cpp">
			<Option target="simX_parser"/>
		</Unit>
		<Unit filename="/home/kuhlwein/simX_fork/source/parser/grammar/KeyValueGrammar.cpp">
			<Option target="simX_parser"/>
		</Unit>
		<Unit filename="/home/kuhlwein/simX_fork/source/parser/grammar/LengthGrammar.cpp">
			<Option target="simX_parser"/>
		</Unit>
		<Unit filename="/home/kuhlwein/simX_fork/source/parser/grammar/ParticleGrammar.cpp">
			<Option target="simX_parser"/>
		</Unit>
		<Unit filename="/home/kuhlwein/simX_fork/source/parser/grammar/ReactionGrammar.cpp">
			<Option target="simX_parser"/>
		</Unit>
		<Unit filename="/home/kuhlwein/simX_fork/source/parser/grammar/SiPrefix.cpp">
			<Option target="simX_parser"/>
		</Unit>
		<Unit filename="/home/kuhlwein/simX_fork/source/parser/grammar/WidthGrammar.cpp">
			<Option target="simX_parser"/>
		</Unit>
		<Unit filename="/home/kuhlwein/simX_fork/source/propagator/GaussianStragglingPropagator.cpp">
			<Option target="simX"/>
		</Unit>
		<Unit filename="/home/kuhlwein/simX_fork/source/propagator/IonizingPropagator.cpp">
			<Option target="simX"/>
		</Unit>
		<Unit filename="/home/kuhlwein/simX_fork/source/propagator/MCStragglingPropagator.cpp">
			<Option target="simX"/>
		</Unit>
		<Unit filename="/home/kuhlwein/simX_fork/source/propagator/NoTrackPropagator.cpp">
			<Option target="simX"/>
		</Unit>
		<Unit filename="/home/kuhlwein/simX_fork/source/propagator/NonIonizingPropagator.cpp">
			<Option target="simX"/>
		</Unit>
		<Unit filename="/home/kuhlwein/simX_fork/source/propagator/ScatteringIntegral.cpp">
			<Option target="simX"/>
		</Unit>
		<Unit filename="/home/kuhlwein/simX_fork/source/propagator/Util.cpp">
			<Option target="simX"/>
		</Unit>
		<Unit filename="/home/kuhlwein/simX_fork/source/propagator/Vacuum.cpp">
			<Option target="simX"/>
		</Unit>
		<Unit filename="/home/kuhlwein/simX_fork/source/samplers/JonasLibSampleSet.cpp">
			<Option target="simX"/>
		</Unit>
		<Unit filename="/home/kuhlwein/simX_fork/source/samplers/MultiSampler.cpp">
			<Option target="simX"/>
		</Unit>
		<Unit filename="/home/kuhlwein/simX_fork/source/samplers/RootSampleSet.cpp">
			<Option target="simX"/>
		</Unit>
		<Unit filename="/home/kuhlwein/simX_fork/source/samplers/SampleSampler.cpp">
			<Option target="simX"/>
		</Unit>
		<Unit filename="/home/kuhlwein/simX_fork/source/samplers/TextSampleSet.cpp">
			<Option target="simX"/>
		</Unit>
		<Unit filename="/home/kuhlwein/simX_fork/source/samplers/writer/RootMomentumWriter.cpp">
			<Option target="simX"/>
		</Unit>
		<Unit filename="/home/kuhlwein/simX_fork/source/samplers/writer/TextMomentumWriter.cpp">
			<Option target="simX"/>
		</Unit>
		<Unit filename="/home/kuhlwein/simX_fork/source/weight/BreitWignerWithPenetrability.cpp">
			<Option target="simX"/>
		</Unit>
		<Unit filename="/home/kuhlwein/simX_fork/source/weight/GammaPhaseSpace.cpp">
			<Option target="simX"/>
		</Unit>
		<Unit filename="/home/kuhlwein/simX_fork/source/weight/ProductWeightCalculator.cpp">
			<Option target="simX"/>
		</Unit>
		<Unit filename="/home/kuhlwein/simX_fork/source/weight/SimpleBreitWigner.cpp">
			<Option target="simX"/>
		</Unit>
		<Unit filename="/home/kuhlwein/simX_fork/source/weight/TF1WeightCalculator.cpp">
			<Option target="simX"/>
		</Unit>
		<Unit filename="/home/kuhlwein/simX_fork/CMakeLists.txt">
			<Option virtualFolder="CMake Files\"/>
		</Unit>
		<Unit filename="/home/kuhlwein/simX_fork/simX.dox.in">
			<Option virtualFolder="CMake Files\"/>
		</Unit>
		<Unit filename="/home/kuhlwein/simX_fork/cmake/FindAUSALIB.cmake">
			<Option virtualFolder="CMake Files\cmake\"/>
		</Unit>
		<Unit filename="/home/kuhlwein/simX_fork/cmake/FindGSL.cmake">
			<Option virtualFolder="CMake Files\cmake\"/>
		</Unit>
		<Unit filename="/home/kuhlwein/simX_fork/cmake/FindROOT.cmake">
			<Option virtualFolder="CMake Files\cmake\"/>
		</Unit>
		<Unit filename="/home/kuhlwein/simX_fork/cmake/FindUnitTest++.cmake">
			<Option virtualFolder="CMake Files\cmake\"/>
		</Unit>
		<Unit filename="/home/kuhlwein/simX_fork/cmake/GetGitRevisionDescription.cmake">
			<Option virtualFolder="CMake Files\cmake\"/>
		</Unit>
		<Unit filename="/home/kuhlwein/simX_fork/cmake/GetGitRevisionDescription.cmake.in">
			<Option virtualFolder="CMake Files\cmake\"/>
		</Unit>
		<Unit filename="/home/kuhlwein/simX_fork/cmake/GlobExclude.cmake">
			<Option virtualFolder="CMake Files\cmake\"/>
		</Unit>
		<Unit filename="/home/kuhlwein/simX_fork/.git/HEAD">
			<Option virtualFolder="CMake Files\.git\"/>
		</Unit>
		<Unit filename="/home/kuhlwein/simX_fork/.git/refs/heads/master">
			<Option virtualFolder="CMake Files\.git\refs\heads\"/>
		</Unit>
		<Unit filename="/home/kuhlwein/simX_fork/source/git.cpp.in">
			<Option virtualFolder="CMake Files\source\"/>
		</Unit>
		<Unit filename="/home/kuhlwein/simX_fork/external/coulomb/CMakeLists.txt">
			<Option virtualFolder="CMake Files\external\coulomb\"/>
		</Unit>
	</Project>
</CodeBlocks_project_file>
